# This file is autogenerated, do not edit; changes may be undone by the next 'dep ensure'.


[[projects]]
  branch = "master"
  digest = "1:4e0a1e1402696f35ae735cd7374fd7f030af81148397677b7b3017849736b1ad"
  name = "github.com/kemadz/hid"
  packages = ["."]
  pruneopts = "UT"
  revision = "3c9ad659683c0b63ec19d4281b3f83731c7f7480"

[solve-meta]
  analyzer-name = "dep"
  analyzer-version = 1
  input-imports = ["github.com/kemadz/hid"]
  solver-name = "gps-cdcl"
  solver-version = 1
